
Microsoft Visual Studio Solution File, Format Version 12.00
# Visual Studio Version 17
VisualStudioVersion = 17.0.32112.339
MinimumVisualStudioVersion = 10.0.40219.1
Project("{FAE04EC0-301F-11D3-BF4B-00C04F79EFBC}") = "FirstProjectGit", "FirstProjectGit.csproj", "{3AA28336-8EF3-4A46-A4E5-BCFB6D44C042}"
EndProject
Global
	GlobalSection(SolutionConfigurationPlatforms) = preSolution
		Debug|Any CPU = Debug|Any CPU
		Release|Any CPU = Release|Any CPU
	EndGlobalSection
	GlobalSection(ProjectConfigurationPlatforms) = postSolution
		{3AA28336-8EF3-4A46-A4E5-BCFB6D44C042}.Debug|Any CPU.ActiveCfg = Debug|Any CPU
		{3AA28336-8EF3-4A46-A4E5-BCFB6D44C042}.Debug|Any CPU.Build.0 = Debug|Any CPU
		{3AA28336-8EF3-4A46-A4E5-BCFB6D44C042}.Release|Any CPU.ActiveCfg = Release|Any CPU
		{3AA28336-8EF3-4A46-A4E5-BCFB6D44C042}.Release|Any CPU.Build.0 = Release|Any CPU
	EndGlobalSection
	GlobalSection(SolutionProperties) = preSolution
		HideSolutionNode = FALSE
	EndGlobalSection
	GlobalSection(ExtensibilityGlobals) = postSolution
		SolutionGuid = {D1100377-E60C-45A8-A3C4-71A63AEA1E35}
	EndGlobalSection
EndGlobal
